
Microsoft Visual Studio Solution File, Format Version 12.00
# Visual Studio Version 17
VisualStudioVersion = 17.3.32804.467
MinimumVisualStudioVersion = 10.0.40219.1
Project("{9A19103F-16F7-4668-BE54-9A1E7A4F7556}") = "Wildstar.Table", "WildStar.TestBed\Wildstar.Table.csproj", "{42DB0504-2DB6-480D-9B83-AA62AF8914DB}"
EndProject
Project("{9A19103F-16F7-4668-BE54-9A1E7A4F7556}") = "TableToolsTests", "TableToolsTests\TableToolsTests.csproj", "{29453DEA-8F21-4F39-966A-CEB187C3E0B1}"
EndProject
Project("{9A19103F-16F7-4668-BE54-9A1E7A4F7556}") = "EldanToolkit", "EldanToolkit\EldanToolkit.csproj", "{BA6FBD59-AEC5-4CEC-BC41-03B4397C6FE4}"
EndProject
Project("{9A19103F-16F7-4668-BE54-9A1E7A4F7556}") = "TableTool", "TableTool\TableTool.csproj", "{4DC608E2-3F7C-4BF4-97AE-F4AE2D15E3C5}"
EndProject
Global
	GlobalSection(SolutionConfigurationPlatforms) = preSolution
		Debug|Any CPU = Debug|Any CPU
		Release|Any CPU = Release|Any CPU
	EndGlobalSection
	GlobalSection(ProjectConfigurationPlatforms) = postSolution
		{42DB0504-2DB6-480D-9B83-AA62AF8914DB}.Debug|Any CPU.ActiveCfg = Debug|Any CPU
		{42DB0504-2DB6-480D-9B83-AA62AF8914DB}.Debug|Any CPU.Build.0 = Debug|Any CPU
		{42DB0504-2DB6-480D-9B83-AA62AF8914DB}.Release|Any CPU.ActiveCfg = Release|Any CPU
		{42DB0504-2DB6-480D-9B83-AA62AF8914DB}.Release|Any CPU.Build.0 = Release|Any CPU
		{29453DEA-8F21-4F39-966A-CEB187C3E0B1}.Debug|Any CPU.ActiveCfg = Debug|Any CPU
		{29453DEA-8F21-4F39-966A-CEB187C3E0B1}.Debug|Any CPU.Build.0 = Debug|Any CPU
		{29453DEA-8F21-4F39-966A-CEB187C3E0B1}.Release|Any CPU.ActiveCfg = Release|Any CPU
		{29453DEA-8F21-4F39-966A-CEB187C3E0B1}.Release|Any CPU.Build.0 = Release|Any CPU
		{BA6FBD59-AEC5-4CEC-BC41-03B4397C6FE4}.Debug|Any CPU.ActiveCfg = Debug|Any CPU
		{BA6FBD59-AEC5-4CEC-BC41-03B4397C6FE4}.Debug|Any CPU.Build.0 = Debug|Any CPU
		{BA6FBD59-AEC5-4CEC-BC41-03B4397C6FE4}.Release|Any CPU.ActiveCfg = Release|Any CPU
		{BA6FBD59-AEC5-4CEC-BC41-03B4397C6FE4}.Release|Any CPU.Build.0 = Release|Any CPU
		{4DC608E2-3F7C-4BF4-97AE-F4AE2D15E3C5}.Debug|Any CPU.ActiveCfg = Debug|Any CPU
		{4DC608E2-3F7C-4BF4-97AE-F4AE2D15E3C5}.Debug|Any CPU.Build.0 = Debug|Any CPU
		{4DC608E2-3F7C-4BF4-97AE-F4AE2D15E3C5}.Release|Any CPU.ActiveCfg = Release|Any CPU
		{4DC608E2-3F7C-4BF4-97AE-F4AE2D15E3C5}.Release|Any CPU.Build.0 = Release|Any CPU
	EndGlobalSection
	GlobalSection(SolutionProperties) = preSolution
		HideSolutionNode = FALSE
	EndGlobalSection
	GlobalSection(ExtensibilityGlobals) = postSolution
		SolutionGuid = {68E0BE3F-BBDA-4D2F-9E74-C2DB2640118A}
	EndGlobalSection
EndGlobal
